// !$*UTF8*$!
{
	archiveVersion = 1;
	classes = {
	};
	objectVersion = 52;
	objects = {

/* Begin PBXBuildFile section */
		1CB8FC5A3A89FA42A6B3DB51 /* Pods_HwpMac.framework in Frameworks */ = {isa = PBXBuildFile; fileRef = 42F8488A8D0A98C170E4E472 /* Pods_HwpMac.framework */; };
		36050752257CD44F00B48AA7 /* AboutVC.swift in Sources */ = {isa = PBXBuildFile; fileRef = 36050751257CD44F00B48AA7 /* AboutVC.swift */; };
		3611344D257684AE004B6C12 /* AppDelegate.swift in Sources */ = {isa = PBXBuildFile; fileRef = 3611344C257684AE004B6C12 /* AppDelegate.swift */; };
		36113451257684AE004B6C12 /* Document.swift in Sources */ = {isa = PBXBuildFile; fileRef = 36113450257684AE004B6C12 /* Document.swift */; };
		36113453257684AF004B6C12 /* Assets.xcassets in Resources */ = {isa = PBXBuildFile; fileRef = 36113452257684AF004B6C12 /* Assets.xcassets */; };
		36113456257684AF004B6C12 /* Main.storyboard in Resources */ = {isa = PBXBuildFile; fileRef = 36113454257684AF004B6C12 /* Main.storyboard */; };
		36113462257684AF004B6C12 /* HwpMacTests.swift in Sources */ = {isa = PBXBuildFile; fileRef = 36113461257684AF004B6C12 /* HwpMacTests.swift */; };
		3611346D257684AF004B6C12 /* HwpMacUITests.swift in Sources */ = {isa = PBXBuildFile; fileRef = 3611346C257684AF004B6C12 /* HwpMacUITests.swift */; };
		3622FDF1257CAABF00E15B1C /* ShortcutsVC.swift in Sources */ = {isa = PBXBuildFile; fileRef = 3622FDF0257CAABF00E15B1C /* ShortcutsVC.swift */; };
		362EC863258F856A00F614C9 /* CoreHwp in Frameworks */ = {isa = PBXBuildFile; productRef = 362EC862258F856A00F614C9 /* CoreHwp */; };
		3633B31F257878DC0058A21E /* Constants.swift in Sources */ = {isa = PBXBuildFile; fileRef = 3633B31E257878DC0058A21E /* Constants.swift */; };
		3633B32525787AC40058A21E /* NSStoryboard+Extension.swift in Sources */ = {isa = PBXBuildFile; fileRef = 3633B32425787AC40058A21E /* NSStoryboard+Extension.swift */; };
		366A911F257696030007A5F0 /* SidebarVC.swift in Sources */ = {isa = PBXBuildFile; fileRef = 366A911E257696030007A5F0 /* SidebarVC.swift */; };
		366D8383257CD9DC0037DF70 /* LicenseVC.swift in Sources */ = {isa = PBXBuildFile; fileRef = 366D8382257CD9DC0037DF70 /* LicenseVC.swift */; };
		3687DCEC257CE38D00B2231D /* ContributorsVC.swift in Sources */ = {isa = PBXBuildFile; fileRef = 3687DCEB257CE38D00B2231D /* ContributorsVC.swift */; };
		3687DD00257CFD2500B2231D /* About.storyboard in Resources */ = {isa = PBXBuildFile; fileRef = 3687DD02257CFD2500B2231D /* About.storyboard */; };
		36C5DCAF25787DBA00DB9083 /* Preference.storyboard in Resources */ = {isa = PBXBuildFile; fileRef = 36C5DCB125787DBA00DB9083 /* Preference.storyboard */; };
		36F60A87258F86C200741FB6 /* Alamofire in Frameworks */ = {isa = PBXBuildFile; productRef = 36F60A86258F86C200741FB6 /* Alamofire */; };
		36F875EE257748EB00346D64 /* DocumentVC.swift in Sources */ = {isa = PBXBuildFile; fileRef = 36F875ED257748EB00346D64 /* DocumentVC.swift */; };
		36F875F32577492300346D64 /* InspectorVC.swift in Sources */ = {isa = PBXBuildFile; fileRef = 36F875F22577492300346D64 /* InspectorVC.swift */; };
		36F875F82577496500346D64 /* MainSplitVC.swift in Sources */ = {isa = PBXBuildFile; fileRef = 36F875F72577496500346D64 /* MainSplitVC.swift */; };
		5C9A9162C630E8FEB3A5ED00 /* Pods_HwpMacTests.framework in Frameworks */ = {isa = PBXBuildFile; fileRef = 747EC856FA68AFA2389602AE /* Pods_HwpMacTests.framework */; };
		B600B52D85B90F05F63057E3 /* Pods_HwpMac_HwpMacUITests.framework in Frameworks */ = {isa = PBXBuildFile; fileRef = 98E9AA27B8382A08180095E6 /* Pods_HwpMac_HwpMacUITests.framework */; };
/* End PBXBuildFile section */

/* Begin PBXContainerItemProxy section */
		3611345E257684AF004B6C12 /* PBXContainerItemProxy */ = {
			isa = PBXContainerItemProxy;
			containerPortal = 36113441257684AE004B6C12 /* Project object */;
			proxyType = 1;
			remoteGlobalIDString = 36113448257684AE004B6C12;
			remoteInfo = HwpMac;
		};
		36113469257684AF004B6C12 /* PBXContainerItemProxy */ = {
			isa = PBXContainerItemProxy;
			containerPortal = 36113441257684AE004B6C12 /* Project object */;
			proxyType = 1;
			remoteGlobalIDString = 36113448257684AE004B6C12;
			remoteInfo = HwpMac;
		};
/* End PBXContainerItemProxy section */

/* Begin PBXFileReference section */
		3394297DDDB702BAA783D2E6 /* Pods-HwpMacTests.release.xcconfig */ = {isa = PBXFileReference; includeInIndex = 1; lastKnownFileType = text.xcconfig; name = "Pods-HwpMacTests.release.xcconfig"; path = "Target Support Files/Pods-HwpMacTests/Pods-HwpMacTests.release.xcconfig"; sourceTree = "<group>"; };
		36050751257CD44F00B48AA7 /* AboutVC.swift */ = {isa = PBXFileReference; lastKnownFileType = sourcecode.swift; path = AboutVC.swift; sourceTree = "<group>"; };
		36063B8E25A7940D0057ABF7 /* Info.plist */ = {isa = PBXFileReference; fileEncoding = 4; lastKnownFileType = text.plist.xml; path = Info.plist; sourceTree = "<group>"; };
		36113449257684AE004B6C12 /* HwpMac.app */ = {isa = PBXFileReference; explicitFileType = wrapper.application; includeInIndex = 0; path = HwpMac.app; sourceTree = BUILT_PRODUCTS_DIR; };
		3611344C257684AE004B6C12 /* AppDelegate.swift */ = {isa = PBXFileReference; lastKnownFileType = sourcecode.swift; path = AppDelegate.swift; sourceTree = "<group>"; };
		36113450257684AE004B6C12 /* Document.swift */ = {isa = PBXFileReference; lastKnownFileType = sourcecode.swift; path = Document.swift; sourceTree = "<group>"; };
		36113452257684AF004B6C12 /* Assets.xcassets */ = {isa = PBXFileReference; lastKnownFileType = folder.assetcatalog; path = Assets.xcassets; sourceTree = "<group>"; };
		36113458257684AF004B6C12 /* HwpMac.entitlements */ = {isa = PBXFileReference; lastKnownFileType = text.plist.entitlements; path = HwpMac.entitlements; sourceTree = "<group>"; };
		3611345D257684AF004B6C12 /* HwpMacTests.xctest */ = {isa = PBXFileReference; explicitFileType = wrapper.cfbundle; includeInIndex = 0; path = HwpMacTests.xctest; sourceTree = BUILT_PRODUCTS_DIR; };
		36113461257684AF004B6C12 /* HwpMacTests.swift */ = {isa = PBXFileReference; lastKnownFileType = sourcecode.swift; path = HwpMacTests.swift; sourceTree = "<group>"; };
		36113463257684AF004B6C12 /* Info.plist */ = {isa = PBXFileReference; lastKnownFileType = text.plist.xml; path = Info.plist; sourceTree = "<group>"; };
		36113468257684AF004B6C12 /* HwpMacUITests.xctest */ = {isa = PBXFileReference; explicitFileType = wrapper.cfbundle; includeInIndex = 0; path = HwpMacUITests.xctest; sourceTree = BUILT_PRODUCTS_DIR; };
		3611346C257684AF004B6C12 /* HwpMacUITests.swift */ = {isa = PBXFileReference; lastKnownFileType = sourcecode.swift; path = HwpMacUITests.swift; sourceTree = "<group>"; };
		3611346E257684AF004B6C12 /* Info.plist */ = {isa = PBXFileReference; lastKnownFileType = text.plist.xml; path = Info.plist; sourceTree = "<group>"; };
		3622FDF0257CAABF00E15B1C /* ShortcutsVC.swift */ = {isa = PBXFileReference; lastKnownFileType = sourcecode.swift; path = ShortcutsVC.swift; sourceTree = "<group>"; };
		3633B31E257878DC0058A21E /* Constants.swift */ = {isa = PBXFileReference; lastKnownFileType = sourcecode.swift; path = Constants.swift; sourceTree = "<group>"; };
		3633B32425787AC40058A21E /* NSStoryboard+Extension.swift */ = {isa = PBXFileReference; lastKnownFileType = sourcecode.swift; path = "NSStoryboard+Extension.swift"; sourceTree = "<group>"; };
		3648E9D925A7948600E9E4CF /* Base */ = {isa = PBXFileReference; lastKnownFileType = file.storyboard; name = Base; path = Base.lproj/Main.storyboard; sourceTree = "<group>"; };
		3648E9DA25A7948600E9E4CF /* Base */ = {isa = PBXFileReference; lastKnownFileType = file.storyboard; name = Base; path = Base.lproj/Preference.storyboard; sourceTree = "<group>"; };
		3648E9DB25A7948600E9E4CF /* Base */ = {isa = PBXFileReference; lastKnownFileType = file.storyboard; name = Base; path = Base.lproj/About.storyboard; sourceTree = "<group>"; };
		3648E9DD25A7949600E9E4CF /* en */ = {isa = PBXFileReference; lastKnownFileType = text.plist.strings; name = en; path = en.lproj/Main.strings; sourceTree = "<group>"; };
		3648E9DE25A794A600E9E4CF /* ko */ = {isa = PBXFileReference; lastKnownFileType = text.plist.strings; name = ko; path = ko.lproj/Main.strings; sourceTree = "<group>"; };
		3648E9E025A794BA00E9E4CF /* en */ = {isa = PBXFileReference; lastKnownFileType = text.plist.strings; name = en; path = en.lproj/Preference.strings; sourceTree = "<group>"; };
		3648E9E325A794CF00E9E4CF /* en */ = {isa = PBXFileReference; lastKnownFileType = text.plist.strings; name = en; path = en.lproj/About.strings; sourceTree = "<group>"; };
		3648E9E425A794D600E9E4CF /* ko */ = {isa = PBXFileReference; lastKnownFileType = text.plist.strings; name = ko; path = ko.lproj/About.strings; sourceTree = "<group>"; };
		366A911E257696030007A5F0 /* SidebarVC.swift */ = {isa = PBXFileReference; lastKnownFileType = sourcecode.swift; path = SidebarVC.swift; sourceTree = "<group>"; };
		366D8382257CD9DC0037DF70 /* LicenseVC.swift */ = {isa = PBXFileReference; lastKnownFileType = sourcecode.swift; path = LicenseVC.swift; sourceTree = "<group>"; };
		3687DCEB257CE38D00B2231D /* ContributorsVC.swift */ = {isa = PBXFileReference; lastKnownFileType = sourcecode.swift; path = ContributorsVC.swift; sourceTree = "<group>"; };
		36D7638325A7959200F48CD5 /* ko */ = {isa = PBXFileReference; lastKnownFileType = text.plist.strings; name = ko; path = ko.lproj/Preference.strings; sourceTree = "<group>"; };
		36F875ED257748EB00346D64 /* DocumentVC.swift */ = {isa = PBXFileReference; lastKnownFileType = sourcecode.swift; path = DocumentVC.swift; sourceTree = "<group>"; };
		36F875F22577492300346D64 /* InspectorVC.swift */ = {isa = PBXFileReference; lastKnownFileType = sourcecode.swift; path = InspectorVC.swift; sourceTree = "<group>"; };
		36F875F72577496500346D64 /* MainSplitVC.swift */ = {isa = PBXFileReference; lastKnownFileType = sourcecode.swift; path = MainSplitVC.swift; sourceTree = "<group>"; };
		42F8488A8D0A98C170E4E472 /* Pods_HwpMac.framework */ = {isa = PBXFileReference; explicitFileType = wrapper.framework; includeInIndex = 0; path = Pods_HwpMac.framework; sourceTree = BUILT_PRODUCTS_DIR; };
		6C5019CD5D5F6DCB9DA8E52B /* Pods-HwpMac.release.xcconfig */ = {isa = PBXFileReference; includeInIndex = 1; lastKnownFileType = text.xcconfig; name = "Pods-HwpMac.release.xcconfig"; path = "Target Support Files/Pods-HwpMac/Pods-HwpMac.release.xcconfig"; sourceTree = "<group>"; };
		747EC856FA68AFA2389602AE /* Pods_HwpMacTests.framework */ = {isa = PBXFileReference; explicitFileType = wrapper.framework; includeInIndex = 0; path = Pods_HwpMacTests.framework; sourceTree = BUILT_PRODUCTS_DIR; };
		77E54D612F4C7BF4C550307F /* Pods-HwpMac-HwpMacUITests.release.xcconfig */ = {isa = PBXFileReference; includeInIndex = 1; lastKnownFileType = text.xcconfig; name = "Pods-HwpMac-HwpMacUITests.release.xcconfig"; path = "Target Support Files/Pods-HwpMac-HwpMacUITests/Pods-HwpMac-HwpMacUITests.release.xcconfig"; sourceTree = "<group>"; };
		98E9AA27B8382A08180095E6 /* Pods_HwpMac_HwpMacUITests.framework */ = {isa = PBXFileReference; explicitFileType = wrapper.framework; includeInIndex = 0; path = Pods_HwpMac_HwpMacUITests.framework; sourceTree = BUILT_PRODUCTS_DIR; };
		A7664EE0E29267D7763A2253 /* Pods-HwpMac-HwpMacUITests.debug.xcconfig */ = {isa = PBXFileReference; includeInIndex = 1; lastKnownFileType = text.xcconfig; name = "Pods-HwpMac-HwpMacUITests.debug.xcconfig"; path = "Target Support Files/Pods-HwpMac-HwpMacUITests/Pods-HwpMac-HwpMacUITests.debug.xcconfig"; sourceTree = "<group>"; };
		B0CB83B65AE958F3F70C6E80 /* Pods-HwpMac.debug.xcconfig */ = {isa = PBXFileReference; includeInIndex = 1; lastKnownFileType = text.xcconfig; name = "Pods-HwpMac.debug.xcconfig"; path = "Target Support Files/Pods-HwpMac/Pods-HwpMac.debug.xcconfig"; sourceTree = "<group>"; };
		DEF07C2F0EEE7A9EE0EA436E /* Pods-HwpMacTests.debug.xcconfig */ = {isa = PBXFileReference; includeInIndex = 1; lastKnownFileType = text.xcconfig; name = "Pods-HwpMacTests.debug.xcconfig"; path = "Target Support Files/Pods-HwpMacTests/Pods-HwpMacTests.debug.xcconfig"; sourceTree = "<group>"; };
/* End PBXFileReference section */

/* Begin PBXFrameworksBuildPhase section */
		36113446257684AE004B6C12 /* Frameworks */ = {
			isa = PBXFrameworksBuildPhase;
			buildActionMask = 2147483647;
			files = (
				36F60A87258F86C200741FB6 /* Alamofire in Frameworks */,
				1CB8FC5A3A89FA42A6B3DB51 /* Pods_HwpMac.framework in Frameworks */,
				362EC863258F856A00F614C9 /* CoreHwp in Frameworks */,
			);
			runOnlyForDeploymentPostprocessing = 0;
		};
		3611345A257684AF004B6C12 /* Frameworks */ = {
			isa = PBXFrameworksBuildPhase;
			buildActionMask = 2147483647;
			files = (
				5C9A9162C630E8FEB3A5ED00 /* Pods_HwpMacTests.framework in Frameworks */,
			);
			runOnlyForDeploymentPostprocessing = 0;
		};
		36113465257684AF004B6C12 /* Frameworks */ = {
			isa = PBXFrameworksBuildPhase;
			buildActionMask = 2147483647;
			files = (
				B600B52D85B90F05F63057E3 /* Pods_HwpMac_HwpMacUITests.framework in Frameworks */,
			);
			runOnlyForDeploymentPostprocessing = 0;
		};
/* End PBXFrameworksBuildPhase section */

/* Begin PBXGroup section */
		36113440257684AE004B6C12 = {
			isa = PBXGroup;
			children = (
				3611344B257684AE004B6C12 /* HwpMac */,
				36113460257684AF004B6C12 /* HwpMacTests */,
				3611346B257684AF004B6C12 /* HwpMacUITests */,
				3611344A257684AE004B6C12 /* Products */,
				A0675086768A588657A4E3EC /* Pods */,
				C2A3FB403C3C0DD9BCEDE5FB /* Frameworks */,
			);
			sourceTree = "<group>";
		};
		3611344A257684AE004B6C12 /* Products */ = {
			isa = PBXGroup;
			children = (
				36113449257684AE004B6C12 /* HwpMac.app */,
				3611345D257684AF004B6C12 /* HwpMacTests.xctest */,
				36113468257684AF004B6C12 /* HwpMacUITests.xctest */,
			);
			name = Products;
			sourceTree = "<group>";
		};
		3611344B257684AE004B6C12 /* HwpMac */ = {
			isa = PBXGroup;
			children = (
				36063B8E25A7940D0057ABF7 /* Info.plist */,
				3611344C257684AE004B6C12 /* AppDelegate.swift */,
				36113450257684AE004B6C12 /* Document.swift */,
				36113452257684AF004B6C12 /* Assets.xcassets */,
				3640DDEB2577DFC60010DAB3 /* Storyboards */,
				3640DDE22577DE510010DAB3 /* Controller */,
				36113458257684AF004B6C12 /* HwpMac.entitlements */,
				3633B32325787AA90058A21E /* Utils */,
			);
			path = HwpMac;
			sourceTree = "<group>";
		};
		36113460257684AF004B6C12 /* HwpMacTests */ = {
			isa = PBXGroup;
			children = (
				36113461257684AF004B6C12 /* HwpMacTests.swift */,
				36113463257684AF004B6C12 /* Info.plist */,
			);
			path = HwpMacTests;
			sourceTree = "<group>";
		};
		3611346B257684AF004B6C12 /* HwpMacUITests */ = {
			isa = PBXGroup;
			children = (
				3611346C257684AF004B6C12 /* HwpMacUITests.swift */,
				3611346E257684AF004B6C12 /* Info.plist */,
			);
			path = HwpMacUITests;
			sourceTree = "<group>";
		};
		3633B32325787AA90058A21E /* Utils */ = {
			isa = PBXGroup;
			children = (
				3633B31E257878DC0058A21E /* Constants.swift */,
				3633B32425787AC40058A21E /* NSStoryboard+Extension.swift */,
			);
			path = Utils;
			sourceTree = "<group>";
		};
		3640DDE22577DE510010DAB3 /* Controller */ = {
			isa = PBXGroup;
			children = (
				3687DD11257CFD8700B2231D /* Main */,
				3687DD10257CFD7400B2231D /* Preferences */,
				3687DCEA257CE37100B2231D /* About */,
			);
			path = Controller;
			sourceTree = "<group>";
		};
		3640DDEB2577DFC60010DAB3 /* Storyboards */ = {
			isa = PBXGroup;
			children = (
				36113454257684AF004B6C12 /* Main.storyboard */,
				36C5DCB125787DBA00DB9083 /* Preference.storyboard */,
				3687DD02257CFD2500B2231D /* About.storyboard */,
			);
			path = Storyboards;
			sourceTree = "<group>";
		};
		3687DCEA257CE37100B2231D /* About */ = {
			isa = PBXGroup;
			children = (
				36050751257CD44F00B48AA7 /* AboutVC.swift */,
				366D8382257CD9DC0037DF70 /* LicenseVC.swift */,
				3687DCEB257CE38D00B2231D /* ContributorsVC.swift */,
			);
			path = About;
			sourceTree = "<group>";
		};
		3687DD10257CFD7400B2231D /* Preferences */ = {
			isa = PBXGroup;
			children = (
				3622FDF0257CAABF00E15B1C /* ShortcutsVC.swift */,
			);
			path = Preferences;
			sourceTree = "<group>";
		};
		3687DD11257CFD8700B2231D /* Main */ = {
			isa = PBXGroup;
			children = (
				36F875F72577496500346D64 /* MainSplitVC.swift */,
				366A911E257696030007A5F0 /* SidebarVC.swift */,
				36F875ED257748EB00346D64 /* DocumentVC.swift */,
				36F875F22577492300346D64 /* InspectorVC.swift */,
			);
			path = Main;
			sourceTree = "<group>";
		};
		A0675086768A588657A4E3EC /* Pods */ = {
			isa = PBXGroup;
			children = (
				B0CB83B65AE958F3F70C6E80 /* Pods-HwpMac.debug.xcconfig */,
				6C5019CD5D5F6DCB9DA8E52B /* Pods-HwpMac.release.xcconfig */,
				A7664EE0E29267D7763A2253 /* Pods-HwpMac-HwpMacUITests.debug.xcconfig */,
				77E54D612F4C7BF4C550307F /* Pods-HwpMac-HwpMacUITests.release.xcconfig */,
				DEF07C2F0EEE7A9EE0EA436E /* Pods-HwpMacTests.debug.xcconfig */,
				3394297DDDB702BAA783D2E6 /* Pods-HwpMacTests.release.xcconfig */,
			);
			path = Pods;
			sourceTree = "<group>";
		};
		C2A3FB403C3C0DD9BCEDE5FB /* Frameworks */ = {
			isa = PBXGroup;
			children = (
				42F8488A8D0A98C170E4E472 /* Pods_HwpMac.framework */,
				98E9AA27B8382A08180095E6 /* Pods_HwpMac_HwpMacUITests.framework */,
				747EC856FA68AFA2389602AE /* Pods_HwpMacTests.framework */,
			);
			name = Frameworks;
			sourceTree = "<group>";
		};
/* End PBXGroup section */

/* Begin PBXNativeTarget section */
		36113448257684AE004B6C12 /* HwpMac */ = {
			isa = PBXNativeTarget;
			buildConfigurationList = 36113471257684AF004B6C12 /* Build configuration list for PBXNativeTarget "HwpMac" */;
			buildPhases = (
				0FE3EC3B291BFCB4F6871E50 /* [CP] Check Pods Manifest.lock */,
				36B82B3A2577E08E00204384 /* ShellScript */,
				36113445257684AE004B6C12 /* Sources */,
				36113446257684AE004B6C12 /* Frameworks */,
				36113447257684AE004B6C12 /* Resources */,
				BC36D0ACD72DC2646E01FEA9 /* [CP] Embed Pods Frameworks */,
			);
			buildRules = (
			);
			dependencies = (
			);
			name = HwpMac;
			packageProductDependencies = (
				362EC862258F856A00F614C9 /* CoreHwp */,
				36F60A86258F86C200741FB6 /* Alamofire */,
			);
			productName = HwpMac;
			productReference = 36113449257684AE004B6C12 /* HwpMac.app */;
			productType = "com.apple.product-type.application";
		};
		3611345C257684AF004B6C12 /* HwpMacTests */ = {
			isa = PBXNativeTarget;
			buildConfigurationList = 36113474257684AF004B6C12 /* Build configuration list for PBXNativeTarget "HwpMacTests" */;
			buildPhases = (
				8C32A8251A050E92EA1C32BF /* [CP] Check Pods Manifest.lock */,
				36113459257684AF004B6C12 /* Sources */,
				3611345A257684AF004B6C12 /* Frameworks */,
				3611345B257684AF004B6C12 /* Resources */,
			);
			buildRules = (
			);
			dependencies = (
				3611345F257684AF004B6C12 /* PBXTargetDependency */,
			);
			name = HwpMacTests;
			productName = HwpMacTests;
			productReference = 3611345D257684AF004B6C12 /* HwpMacTests.xctest */;
			productType = "com.apple.product-type.bundle.unit-test";
		};
		36113467257684AF004B6C12 /* HwpMacUITests */ = {
			isa = PBXNativeTarget;
			buildConfigurationList = 36113477257684AF004B6C12 /* Build configuration list for PBXNativeTarget "HwpMacUITests" */;
			buildPhases = (
				C8491B1F4F49CD40B0E3972D /* [CP] Check Pods Manifest.lock */,
				36113464257684AF004B6C12 /* Sources */,
				36113465257684AF004B6C12 /* Frameworks */,
				36113466257684AF004B6C12 /* Resources */,
				D166A748F25E73DC5CF1485C /* [CP] Embed Pods Frameworks */,
			);
			buildRules = (
			);
			dependencies = (
				3611346A257684AF004B6C12 /* PBXTargetDependency */,
			);
			name = HwpMacUITests;
			productName = HwpMacUITests;
			productReference = 36113468257684AF004B6C12 /* HwpMacUITests.xctest */;
			productType = "com.apple.product-type.bundle.ui-testing";
		};
/* End PBXNativeTarget section */

/* Begin PBXProject section */
		36113441257684AE004B6C12 /* Project object */ = {
			isa = PBXProject;
			attributes = {
				LastSwiftUpdateCheck = 1220;
				LastUpgradeCheck = 1220;
				TargetAttributes = {
					36113448257684AE004B6C12 = {
						CreatedOnToolsVersion = 12.2;
					};
					3611345C257684AF004B6C12 = {
						CreatedOnToolsVersion = 12.2;
						TestTargetID = 36113448257684AE004B6C12;
					};
					36113467257684AF004B6C12 = {
						CreatedOnToolsVersion = 12.2;
						TestTargetID = 36113448257684AE004B6C12;
					};
				};
			};
			buildConfigurationList = 36113444257684AE004B6C12 /* Build configuration list for PBXProject "HwpMac" */;
			compatibilityVersion = "Xcode 9.3";
			developmentRegion = en;
			hasScannedForEncodings = 0;
			knownRegions = (
				en,
				ko,
				Base,
			);
			mainGroup = 36113440257684AE004B6C12;
			packageReferences = (
				362EC861258F856A00F614C9 /* XCRemoteSwiftPackageReference "Hwp-Swift" */,
				36F60A85258F86C200741FB6 /* XCRemoteSwiftPackageReference "Alamofire" */,
			);
			productRefGroup = 3611344A257684AE004B6C12 /* Products */;
			projectDirPath = "";
			projectRoot = "";
			targets = (
				36113448257684AE004B6C12 /* HwpMac */,
				3611345C257684AF004B6C12 /* HwpMacTests */,
				36113467257684AF004B6C12 /* HwpMacUITests */,
			);
		};
/* End PBXProject section */

/* Begin PBXResourcesBuildPhase section */
		36113447257684AE004B6C12 /* Resources */ = {
			isa = PBXResourcesBuildPhase;
			buildActionMask = 2147483647;
			files = (
				36113453257684AF004B6C12 /* Assets.xcassets in Resources */,
				36113456257684AF004B6C12 /* Main.storyboard in Resources */,
				3687DD00257CFD2500B2231D /* About.storyboard in Resources */,
				36C5DCAF25787DBA00DB9083 /* Preference.storyboard in Resources */,
			);
			runOnlyForDeploymentPostprocessing = 0;
		};
		3611345B257684AF004B6C12 /* Resources */ = {
			isa = PBXResourcesBuildPhase;
			buildActionMask = 2147483647;
			files = (
			);
			runOnlyForDeploymentPostprocessing = 0;
		};
		36113466257684AF004B6C12 /* Resources */ = {
			isa = PBXResourcesBuildPhase;
			buildActionMask = 2147483647;
			files = (
			);
			runOnlyForDeploymentPostprocessing = 0;
		};
/* End PBXResourcesBuildPhase section */

/* Begin PBXShellScriptBuildPhase section */
		0FE3EC3B291BFCB4F6871E50 /* [CP] Check Pods Manifest.lock */ = {
			isa = PBXShellScriptBuildPhase;
			buildActionMask = 2147483647;
			files = (
			);
			inputFileListPaths = (
			);
			inputPaths = (
				"${PODS_PODFILE_DIR_PATH}/Podfile.lock",
				"${PODS_ROOT}/Manifest.lock",
			);
			name = "[CP] Check Pods Manifest.lock";
			outputFileListPaths = (
			);
			outputPaths = (
				"$(DERIVED_FILE_DIR)/Pods-HwpMac-checkManifestLockResult.txt",
			);
			runOnlyForDeploymentPostprocessing = 0;
			shellPath = /bin/sh;
			shellScript = "diff \"${PODS_PODFILE_DIR_PATH}/Podfile.lock\" \"${PODS_ROOT}/Manifest.lock\" > /dev/null\nif [ $? != 0 ] ; then\n    # print error to STDERR\n    echo \"error: The sandbox is not in sync with the Podfile.lock. Run 'pod install' or update your CocoaPods installation.\" >&2\n    exit 1\nfi\n# This output is used by Xcode 'outputs' to avoid re-running this script phase.\necho \"SUCCESS\" > \"${SCRIPT_OUTPUT_FILE_0}\"\n";
			showEnvVarsInLog = 0;
		};
		36B82B3A2577E08E00204384 /* ShellScript */ = {
			isa = PBXShellScriptBuildPhase;
			buildActionMask = 2147483647;
			files = (
			);
			inputFileListPaths = (
			);
			inputPaths = (
			);
			outputFileListPaths = (
			);
			outputPaths = (
			);
			runOnlyForDeploymentPostprocessing = 0;
			shellPath = /bin/sh;
			shellScript = "if which swiftlint >/dev/null; then\n  ${PODS_ROOT}/SwiftLint/swiftlint\nelse\n  echo \"warning: SwiftLint not installed, download from https://github.com/realm/SwiftLint\"\nfi\n";
		};
		8C32A8251A050E92EA1C32BF /* [CP] Check Pods Manifest.lock */ = {
			isa = PBXShellScriptBuildPhase;
			buildActionMask = 2147483647;
			files = (
			);
			inputFileListPaths = (
			);
			inputPaths = (
				"${PODS_PODFILE_DIR_PATH}/Podfile.lock",
				"${PODS_ROOT}/Manifest.lock",
			);
			name = "[CP] Check Pods Manifest.lock";
			outputFileListPaths = (
			);
			outputPaths = (
				"$(DERIVED_FILE_DIR)/Pods-HwpMacTests-checkManifestLockResult.txt",
			);
			runOnlyForDeploymentPostprocessing = 0;
			shellPath = /bin/sh;
			shellScript = "diff \"${PODS_PODFILE_DIR_PATH}/Podfile.lock\" \"${PODS_ROOT}/Manifest.lock\" > /dev/null\nif [ $? != 0 ] ; then\n    # print error to STDERR\n    echo \"error: The sandbox is not in sync with the Podfile.lock. Run 'pod install' or update your CocoaPods installation.\" >&2\n    exit 1\nfi\n# This output is used by Xcode 'outputs' to avoid re-running this script phase.\necho \"SUCCESS\" > \"${SCRIPT_OUTPUT_FILE_0}\"\n";
			showEnvVarsInLog = 0;
		};
		BC36D0ACD72DC2646E01FEA9 /* [CP] Embed Pods Frameworks */ = {
			isa = PBXShellScriptBuildPhase;
			buildActionMask = 2147483647;
			files = (
			);
			inputFileListPaths = (
				"${PODS_ROOT}/Target Support Files/Pods-HwpMac/Pods-HwpMac-frameworks-${CONFIGURATION}-input-files.xcfilelist",
			);
			name = "[CP] Embed Pods Frameworks";
			outputFileListPaths = (
				"${PODS_ROOT}/Target Support Files/Pods-HwpMac/Pods-HwpMac-frameworks-${CONFIGURATION}-output-files.xcfilelist",
			);
			runOnlyForDeploymentPostprocessing = 0;
			shellPath = /bin/sh;
			shellScript = "\"${PODS_ROOT}/Target Support Files/Pods-HwpMac/Pods-HwpMac-frameworks.sh\"\n";
			showEnvVarsInLog = 0;
		};
		C8491B1F4F49CD40B0E3972D /* [CP] Check Pods Manifest.lock */ = {
			isa = PBXShellScriptBuildPhase;
			buildActionMask = 2147483647;
			files = (
			);
			inputFileListPaths = (
			);
			inputPaths = (
				"${PODS_PODFILE_DIR_PATH}/Podfile.lock",
				"${PODS_ROOT}/Manifest.lock",
			);
			name = "[CP] Check Pods Manifest.lock";
			outputFileListPaths = (
			);
			outputPaths = (
				"$(DERIVED_FILE_DIR)/Pods-HwpMac-HwpMacUITests-checkManifestLockResult.txt",
			);
			runOnlyForDeploymentPostprocessing = 0;
			shellPath = /bin/sh;
			shellScript = "diff \"${PODS_PODFILE_DIR_PATH}/Podfile.lock\" \"${PODS_ROOT}/Manifest.lock\" > /dev/null\nif [ $? != 0 ] ; then\n    # print error to STDERR\n    echo \"error: The sandbox is not in sync with the Podfile.lock. Run 'pod install' or update your CocoaPods installation.\" >&2\n    exit 1\nfi\n# This output is used by Xcode 'outputs' to avoid re-running this script phase.\necho \"SUCCESS\" > \"${SCRIPT_OUTPUT_FILE_0}\"\n";
			showEnvVarsInLog = 0;
		};
		D166A748F25E73DC5CF1485C /* [CP] Embed Pods Frameworks */ = {
			isa = PBXShellScriptBuildPhase;
			buildActionMask = 2147483647;
			files = (
			);
			inputFileListPaths = (
				"${PODS_ROOT}/Target Support Files/Pods-HwpMac-HwpMacUITests/Pods-HwpMac-HwpMacUITests-frameworks-${CONFIGURATION}-input-files.xcfilelist",
			);
			name = "[CP] Embed Pods Frameworks";
			outputFileListPaths = (
				"${PODS_ROOT}/Target Support Files/Pods-HwpMac-HwpMacUITests/Pods-HwpMac-HwpMacUITests-frameworks-${CONFIGURATION}-output-files.xcfilelist",
			);
			runOnlyForDeploymentPostprocessing = 0;
			shellPath = /bin/sh;
			shellScript = "\"${PODS_ROOT}/Target Support Files/Pods-HwpMac-HwpMacUITests/Pods-HwpMac-HwpMacUITests-frameworks.sh\"\n";
			showEnvVarsInLog = 0;
		};
/* End PBXShellScriptBuildPhase section */

/* Begin PBXSourcesBuildPhase section */
		36113445257684AE004B6C12 /* Sources */ = {
			isa = PBXSourcesBuildPhase;
			buildActionMask = 2147483647;
			files = (
				36F875F32577492300346D64 /* InspectorVC.swift in Sources */,
				3633B32525787AC40058A21E /* NSStoryboard+Extension.swift in Sources */,
				3611344D257684AE004B6C12 /* AppDelegate.swift in Sources */,
				366D8383257CD9DC0037DF70 /* LicenseVC.swift in Sources */,
				3622FDF1257CAABF00E15B1C /* ShortcutsVC.swift in Sources */,
				36F875F82577496500346D64 /* MainSplitVC.swift in Sources */,
				3687DCEC257CE38D00B2231D /* ContributorsVC.swift in Sources */,
				36F875EE257748EB00346D64 /* DocumentVC.swift in Sources */,
				36050752257CD44F00B48AA7 /* AboutVC.swift in Sources */,
				3633B31F257878DC0058A21E /* Constants.swift in Sources */,
				36113451257684AE004B6C12 /* Document.swift in Sources */,
				366A911F257696030007A5F0 /* SidebarVC.swift in Sources */,
			);
			runOnlyForDeploymentPostprocessing = 0;
		};
		36113459257684AF004B6C12 /* Sources */ = {
			isa = PBXSourcesBuildPhase;
			buildActionMask = 2147483647;
			files = (
				36113462257684AF004B6C12 /* HwpMacTests.swift in Sources */,
			);
			runOnlyForDeploymentPostprocessing = 0;
		};
		36113464257684AF004B6C12 /* Sources */ = {
			isa = PBXSourcesBuildPhase;
			buildActionMask = 2147483647;
			files = (
				3611346D257684AF004B6C12 /* HwpMacUITests.swift in Sources */,
			);
			runOnlyForDeploymentPostprocessing = 0;
		};
/* End PBXSourcesBuildPhase section */

/* Begin PBXTargetDependency section */
		3611345F257684AF004B6C12 /* PBXTargetDependency */ = {
			isa = PBXTargetDependency;
			target = 36113448257684AE004B6C12 /* HwpMac */;
			targetProxy = 3611345E257684AF004B6C12 /* PBXContainerItemProxy */;
		};
		3611346A257684AF004B6C12 /* PBXTargetDependency */ = {
			isa = PBXTargetDependency;
			target = 36113448257684AE004B6C12 /* HwpMac */;
			targetProxy = 36113469257684AF004B6C12 /* PBXContainerItemProxy */;
		};
/* End PBXTargetDependency section */

/* Begin PBXVariantGroup section */
		36113454257684AF004B6C12 /* Main.storyboard */ = {
			isa = PBXVariantGroup;
			children = (
				3648E9D925A7948600E9E4CF /* Base */,
				3648E9DD25A7949600E9E4CF /* en */,
				3648E9DE25A794A600E9E4CF /* ko */,
			);
			name = Main.storyboard;
			sourceTree = "<group>";
		};
		3687DD02257CFD2500B2231D /* About.storyboard */ = {
			isa = PBXVariantGroup;
			children = (
				3648E9DB25A7948600E9E4CF /* Base */,
				3648E9E325A794CF00E9E4CF /* en */,
				3648E9E425A794D600E9E4CF /* ko */,
			);
			name = About.storyboard;
			sourceTree = "<group>";
		};
		36C5DCB125787DBA00DB9083 /* Preference.storyboard */ = {
			isa = PBXVariantGroup;
			children = (
				3648E9DA25A7948600E9E4CF /* Base */,
				3648E9E025A794BA00E9E4CF /* en */,
				36D7638325A7959200F48CD5 /* ko */,
			);
			name = Preference.storyboard;
			sourceTree = "<group>";
		};
/* End PBXVariantGroup section */

/* Begin XCBuildConfiguration section */
		3611346F257684AF004B6C12 /* Debug */ = {
			isa = XCBuildConfiguration;
			buildSettings = {
				ALWAYS_SEARCH_USER_PATHS = NO;
				CLANG_ANALYZER_LOCALIZABILITY_NONLOCALIZED = YES;
				CLANG_ANALYZER_NONNULL = YES;
				CLANG_ANALYZER_NUMBER_OBJECT_CONVERSION = YES_AGGRESSIVE;
				CLANG_CXX_LANGUAGE_STANDARD = "gnu++14";
				CLANG_CXX_LIBRARY = "libc++";
				CLANG_ENABLE_MODULES = YES;
				CLANG_ENABLE_OBJC_ARC = YES;
				CLANG_ENABLE_OBJC_WEAK = YES;
				CLANG_WARN_BLOCK_CAPTURE_AUTORELEASING = YES;
				CLANG_WARN_BOOL_CONVERSION = YES;
				CLANG_WARN_COMMA = YES;
				CLANG_WARN_CONSTANT_CONVERSION = YES;
				CLANG_WARN_DEPRECATED_OBJC_IMPLEMENTATIONS = YES;
				CLANG_WARN_DIRECT_OBJC_ISA_USAGE = YES_ERROR;
				CLANG_WARN_DOCUMENTATION_COMMENTS = YES;
				CLANG_WARN_EMPTY_BODY = YES;
				CLANG_WARN_ENUM_CONVERSION = YES;
				CLANG_WARN_INFINITE_RECURSION = YES;
				CLANG_WARN_INT_CONVERSION = YES;
				CLANG_WARN_NON_LITERAL_NULL_CONVERSION = YES;
				CLANG_WARN_OBJC_IMPLICIT_RETAIN_SELF = YES;
				CLANG_WARN_OBJC_LITERAL_CONVERSION = YES;
				CLANG_WARN_OBJC_ROOT_CLASS = YES_ERROR;
				CLANG_WARN_QUOTED_INCLUDE_IN_FRAMEWORK_HEADER = YES;
				CLANG_WARN_RANGE_LOOP_ANALYSIS = YES;
				CLANG_WARN_STRICT_PROTOTYPES = YES;
				CLANG_WARN_SUSPICIOUS_MOVE = YES;
				CLANG_WARN_UNGUARDED_AVAILABILITY = YES_AGGRESSIVE;
				CLANG_WARN_UNREACHABLE_CODE = YES;
				CLANG_WARN__DUPLICATE_METHOD_MATCH = YES;
				COPY_PHASE_STRIP = NO;
				DEBUG_INFORMATION_FORMAT = dwarf;
				ENABLE_STRICT_OBJC_MSGSEND = YES;
				ENABLE_TESTABILITY = YES;
				GCC_C_LANGUAGE_STANDARD = gnu11;
				GCC_DYNAMIC_NO_PIC = NO;
				GCC_NO_COMMON_BLOCKS = YES;
				GCC_OPTIMIZATION_LEVEL = 0;
				GCC_PREPROCESSOR_DEFINITIONS = (
					"DEBUG=1",
					"$(inherited)",
				);
				GCC_WARN_64_TO_32_BIT_CONVERSION = YES;
				GCC_WARN_ABOUT_RETURN_TYPE = YES_ERROR;
				GCC_WARN_UNDECLARED_SELECTOR = YES;
				GCC_WARN_UNINITIALIZED_AUTOS = YES_AGGRESSIVE;
				GCC_WARN_UNUSED_FUNCTION = YES;
				GCC_WARN_UNUSED_VARIABLE = YES;
				MACOSX_DEPLOYMENT_TARGET = 10.12;
				MTL_ENABLE_DEBUG_INFO = INCLUDE_SOURCE;
				MTL_FAST_MATH = YES;
				ONLY_ACTIVE_ARCH = YES;
				SDKROOT = macosx;
				SWIFT_ACTIVE_COMPILATION_CONDITIONS = DEBUG;
				SWIFT_OPTIMIZATION_LEVEL = "-Onone";
			};
			name = Debug;
		};
		36113470257684AF004B6C12 /* Release */ = {
			isa = XCBuildConfiguration;
			buildSettings = {
				ALWAYS_SEARCH_USER_PATHS = NO;
				CLANG_ANALYZER_LOCALIZABILITY_NONLOCALIZED = YES;
				CLANG_ANALYZER_NONNULL = YES;
				CLANG_ANALYZER_NUMBER_OBJECT_CONVERSION = YES_AGGRESSIVE;
				CLANG_CXX_LANGUAGE_STANDARD = "gnu++14";
				CLANG_CXX_LIBRARY = "libc++";
				CLANG_ENABLE_MODULES = YES;
				CLANG_ENABLE_OBJC_ARC = YES;
				CLANG_ENABLE_OBJC_WEAK = YES;
				CLANG_WARN_BLOCK_CAPTURE_AUTORELEASING = YES;
				CLANG_WARN_BOOL_CONVERSION = YES;
				CLANG_WARN_COMMA = YES;
				CLANG_WARN_CONSTANT_CONVERSION = YES;
				CLANG_WARN_DEPRECATED_OBJC_IMPLEMENTATIONS = YES;
				CLANG_WARN_DIRECT_OBJC_ISA_USAGE = YES_ERROR;
				CLANG_WARN_DOCUMENTATION_COMMENTS = YES;
				CLANG_WARN_EMPTY_BODY = YES;
				CLANG_WARN_ENUM_CONVERSION = YES;
				CLANG_WARN_INFINITE_RECURSION = YES;
				CLANG_WARN_INT_CONVERSION = YES;
				CLANG_WARN_NON_LITERAL_NULL_CONVERSION = YES;
				CLANG_WARN_OBJC_IMPLICIT_RETAIN_SELF = YES;
				CLANG_WARN_OBJC_LITERAL_CONVERSION = YES;
				CLANG_WARN_OBJC_ROOT_CLASS = YES_ERROR;
				CLANG_WARN_QUOTED_INCLUDE_IN_FRAMEWORK_HEADER = YES;
				CLANG_WARN_RANGE_LOOP_ANALYSIS = YES;
				CLANG_WARN_STRICT_PROTOTYPES = YES;
				CLANG_WARN_SUSPICIOUS_MOVE = YES;
				CLANG_WARN_UNGUARDED_AVAILABILITY = YES_AGGRESSIVE;
				CLANG_WARN_UNREACHABLE_CODE = YES;
				CLANG_WARN__DUPLICATE_METHOD_MATCH = YES;
				COPY_PHASE_STRIP = NO;
				DEBUG_INFORMATION_FORMAT = "dwarf-with-dsym";
				ENABLE_NS_ASSERTIONS = NO;
				ENABLE_STRICT_OBJC_MSGSEND = YES;
				GCC_C_LANGUAGE_STANDARD = gnu11;
				GCC_NO_COMMON_BLOCKS = YES;
				GCC_WARN_64_TO_32_BIT_CONVERSION = YES;
				GCC_WARN_ABOUT_RETURN_TYPE = YES_ERROR;
				GCC_WARN_UNDECLARED_SELECTOR = YES;
				GCC_WARN_UNINITIALIZED_AUTOS = YES_AGGRESSIVE;
				GCC_WARN_UNUSED_FUNCTION = YES;
				GCC_WARN_UNUSED_VARIABLE = YES;
				MACOSX_DEPLOYMENT_TARGET = 10.12;
				MTL_ENABLE_DEBUG_INFO = NO;
				MTL_FAST_MATH = YES;
				SDKROOT = macosx;
				SWIFT_COMPILATION_MODE = wholemodule;
				SWIFT_OPTIMIZATION_LEVEL = "-O";
			};
			name = Release;
		};
		36113472257684AF004B6C12 /* Debug */ = {
			isa = XCBuildConfiguration;
			baseConfigurationReference = B0CB83B65AE958F3F70C6E80 /* Pods-HwpMac.debug.xcconfig */;
			buildSettings = {
				ASSETCATALOG_COMPILER_APPICON_NAME = AppIcon;
				ASSETCATALOG_COMPILER_GLOBAL_ACCENT_COLOR_NAME = AccentColor;
				CODE_SIGN_ENTITLEMENTS = HwpMac/HwpMac.entitlements;
				CODE_SIGN_IDENTITY = "Apple Development";
				CODE_SIGN_STYLE = Automatic;
				COMBINE_HIDPI_IMAGES = YES;
				DEVELOPMENT_TEAM = 86Z79M22CQ;
				ENABLE_HARDENED_RUNTIME = YES;
				INFOPLIST_FILE = HwpMac/Info.plist;
				LD_RUNPATH_SEARCH_PATHS = (
					"$(inherited)",
					"@executable_path/../Frameworks",
				);
				MACOSX_DEPLOYMENT_TARGET = 10.12;
				MARKETING_VERSION = 0.2.0;
				PRODUCT_BUNDLE_IDENTIFIER = dev.sboh.HwpMac;
				PRODUCT_NAME = "$(TARGET_NAME)";
				SWIFT_VERSION = 5.0;
			};
			name = Debug;
		};
		36113473257684AF004B6C12 /* Release */ = {
			isa = XCBuildConfiguration;
			baseConfigurationReference = 6C5019CD5D5F6DCB9DA8E52B /* Pods-HwpMac.release.xcconfig */;
			buildSettings = {
				ASSETCATALOG_COMPILER_APPICON_NAME = AppIcon;
				ASSETCATALOG_COMPILER_GLOBAL_ACCENT_COLOR_NAME = AccentColor;
				CODE_SIGN_ENTITLEMENTS = HwpMac/HwpMac.entitlements;
				CODE_SIGN_IDENTITY = "Apple Development";
				CODE_SIGN_STYLE = Automatic;
				COMBINE_HIDPI_IMAGES = YES;
				DEVELOPMENT_TEAM = 86Z79M22CQ;
				ENABLE_HARDENED_RUNTIME = YES;
				INFOPLIST_FILE = HwpMac/Info.plist;
				LD_RUNPATH_SEARCH_PATHS = (
					"$(inherited)",
					"@executable_path/../Frameworks",
				);
				MACOSX_DEPLOYMENT_TARGET = 10.12;
				MARKETING_VERSION = 0.2.0;
				PRODUCT_BUNDLE_IDENTIFIER = dev.sboh.HwpMac;
				PRODUCT_NAME = "$(TARGET_NAME)";
				SWIFT_VERSION = 5.0;
			};
			name = Release;
		};
		36113475257684AF004B6C12 /* Debug */ = {
			isa = XCBuildConfiguration;
			baseConfigurationReference = DEF07C2F0EEE7A9EE0EA436E /* Pods-HwpMacTests.debug.xcconfig */;
			buildSettings = {
				ALWAYS_EMBED_SWIFT_STANDARD_LIBRARIES = "$(inherited)";
				BUNDLE_LOADER = "$(TEST_HOST)";
				CODE_SIGN_STYLE = Automatic;
				COMBINE_HIDPI_IMAGES = YES;
				DEVELOPMENT_TEAM = 86Z79M22CQ;
				INFOPLIST_FILE = HwpMacTests/Info.plist;
				LD_RUNPATH_SEARCH_PATHS = (
					"$(inherited)",
					"@executable_path/../Frameworks",
					"@loader_path/../Frameworks",
				);
				MACOSX_DEPLOYMENT_TARGET = 10.12;
				PRODUCT_BUNDLE_IDENTIFIER = dev.sboh.HwpMacTests;
				PRODUCT_NAME = "$(TARGET_NAME)";
				SWIFT_VERSION = 5.0;
				TEST_HOST = "$(BUILT_PRODUCTS_DIR)/HwpMac.app/Contents/MacOS/HwpMac";
			};
			name = Debug;
		};
		36113476257684AF004B6C12 /* Release */ = {
			isa = XCBuildConfiguration;
			baseConfigurationReference = 3394297DDDB702BAA783D2E6 /* Pods-HwpMacTests.release.xcconfig */;
			buildSettings = {
				ALWAYS_EMBED_SWIFT_STANDARD_LIBRARIES = "$(inherited)";
				BUNDLE_LOADER = "$(TEST_HOST)";
				CODE_SIGN_STYLE = Automatic;
				COMBINE_HIDPI_IMAGES = YES;
				DEVELOPMENT_TEAM = 86Z79M22CQ;
				INFOPLIST_FILE = HwpMacTests/Info.plist;
				LD_RUNPATH_SEARCH_PATHS = (
					"$(inherited)",
					"@executable_path/../Frameworks",
					"@loader_path/../Frameworks",
				);
				MACOSX_DEPLOYMENT_TARGET = 10.12;
				PRODUCT_BUNDLE_IDENTIFIER = dev.sboh.HwpMacTests;
				PRODUCT_NAME = "$(TARGET_NAME)";
				SWIFT_VERSION = 5.0;
				TEST_HOST = "$(BUILT_PRODUCTS_DIR)/HwpMac.app/Contents/MacOS/HwpMac";
			};
			name = Release;
		};
		36113478257684AF004B6C12 /* Debug */ = {
			isa = XCBuildConfiguration;
			baseConfigurationReference = A7664EE0E29267D7763A2253 /* Pods-HwpMac-HwpMacUITests.debug.xcconfig */;
			buildSettings = {
				ALWAYS_EMBED_SWIFT_STANDARD_LIBRARIES = "$(inherited)";
				CODE_SIGN_STYLE = Automatic;
				COMBINE_HIDPI_IMAGES = YES;
				DEVELOPMENT_TEAM = 86Z79M22CQ;
				INFOPLIST_FILE = HwpMacUITests/Info.plist;
				LD_RUNPATH_SEARCH_PATHS = (
					"$(inherited)",
					"@executable_path/../Frameworks",
					"@loader_path/../Frameworks",
				);
				PRODUCT_BUNDLE_IDENTIFIER = dev.sboh.HwpMacUITests;
				PRODUCT_NAME = "$(TARGET_NAME)";
				SWIFT_VERSION = 5.0;
				TEST_TARGET_NAME = HwpMac;
			};
			name = Debug;
		};
		36113479257684AF004B6C12 /* Release */ = {
			isa = XCBuildConfiguration;
			baseConfigurationReference = 77E54D612F4C7BF4C550307F /* Pods-HwpMac-HwpMacUITests.release.xcconfig */;
			buildSettings = {
				ALWAYS_EMBED_SWIFT_STANDARD_LIBRARIES = "$(inherited)";
				CODE_SIGN_STYLE = Automatic;
				COMBINE_HIDPI_IMAGES = YES;
				DEVELOPMENT_TEAM = 86Z79M22CQ;
				INFOPLIST_FILE = HwpMacUITests/Info.plist;
				LD_RUNPATH_SEARCH_PATHS = (
					"$(inherited)",
					"@executable_path/../Frameworks",
					"@loader_path/../Frameworks",
				);
				PRODUCT_BUNDLE_IDENTIFIER = dev.sboh.HwpMacUITests;
				PRODUCT_NAME = "$(TARGET_NAME)";
				SWIFT_VERSION = 5.0;
				TEST_TARGET_NAME = HwpMac;
			};
			name = Release;
		};
/* End XCBuildConfiguration section */

/* Begin XCConfigurationList section */
		36113444257684AE004B6C12 /* Build configuration list for PBXProject "HwpMac" */ = {
			isa = XCConfigurationList;
			buildConfigurations = (
				3611346F257684AF004B6C12 /* Debug */,
				36113470257684AF004B6C12 /* Release */,
			);
			defaultConfigurationIsVisible = 0;
			defaultConfigurationName = Release;
		};
		36113471257684AF004B6C12 /* Build configuration list for PBXNativeTarget "HwpMac" */ = {
			isa = XCConfigurationList;
			buildConfigurations = (
				36113472257684AF004B6C12 /* Debug */,
				36113473257684AF004B6C12 /* Release */,
			);
			defaultConfigurationIsVisible = 0;
			defaultConfigurationName = Release;
		};
		36113474257684AF004B6C12 /* Build configuration list for PBXNativeTarget "HwpMacTests" */ = {
			isa = XCConfigurationList;
			buildConfigurations = (
				36113475257684AF004B6C12 /* Debug */,
				36113476257684AF004B6C12 /* Release */,
			);
			defaultConfigurationIsVisible = 0;
			defaultConfigurationName = Release;
		};
		36113477257684AF004B6C12 /* Build configuration list for PBXNativeTarget "HwpMacUITests" */ = {
			isa = XCConfigurationList;
			buildConfigurations = (
				36113478257684AF004B6C12 /* Debug */,
				36113479257684AF004B6C12 /* Release */,
			);
			defaultConfigurationIsVisible = 0;
			defaultConfigurationName = Release;
		};
/* End XCConfigurationList section */

/* Begin XCRemoteSwiftPackageReference section */
		362EC861258F856A00F614C9 /* XCRemoteSwiftPackageReference "Hwp-Swift" */ = {
			isa = XCRemoteSwiftPackageReference;
			repositoryURL = "https://github.com/sboh1214/Hwp-Swift.git";
			requirement = {
				kind = exactVersion;
				version = 0.10.0;
			};
		};
		36F60A85258F86C200741FB6 /* XCRemoteSwiftPackageReference "Alamofire" */ = {
			isa = XCRemoteSwiftPackageReference;
			repositoryURL = "https://github.com/Alamofire/Alamofire";
			requirement = {
				kind = exactVersion;
				version = 5.4.0;
			};
		};
/* End XCRemoteSwiftPackageReference section */

/* Begin XCSwiftPackageProductDependency section */
		362EC862258F856A00F614C9 /* CoreHwp */ = {
			isa = XCSwiftPackageProductDependency;
			package = 362EC861258F856A00F614C9 /* XCRemoteSwiftPackageReference "Hwp-Swift" */;
			productName = CoreHwp;
		};
		36F60A86258F86C200741FB6 /* Alamofire */ = {
			isa = XCSwiftPackageProductDependency;
			package = 36F60A85258F86C200741FB6 /* XCRemoteSwiftPackageReference "Alamofire" */;
			productName = Alamofire;
		};
/* End XCSwiftPackageProductDependency section */
	};
	rootObject = 36113441257684AE004B6C12 /* Project object */;
}
